{
  "name": "flash-build-api",
  "version": "0.0.11",
  "dependencies": {
    "node-expat": {
      "version": "2.0.0",
      "from": "node-expat@~2.0.0"
    },
    "xmldom": {
      "version": "0.1.16",
      "from": "xmldom@~0.1.15"
    },
    "coffee-script": {
      "version": "1.6.2",
      "from": "coffee-script@>1.6.1"
    },
    "should": {
      "version": "1.2.2",
      "from": "should@>1.2.1"
    },
    "mocha": {
      "version": "1.9.0",
      "from": "mocha@>1.8.1",
      "dependencies": {
        "commander": {
          "version": "0.6.1",
          "from": "commander@0.6.1"
        },
        "growl": {
          "version": "1.7.0",
          "from": "growl@1.7.x"
        },
        "jade": {
          "version": "0.26.3",
          "from": "jade@0.26.3",
          "dependencies": {
            "mkdirp": {
              "version": "0.3.0",
              "from": "mkdirp@0.3.0"
            }
          }
        },
        "diff": {
          "version": "1.0.2",
          "from": "diff@1.0.2"
        },
        "debug": {
          "version": "0.7.2",
          "from": "debug@*"
        },
        "mkdirp": {
          "version": "0.3.3",
          "from": "mkdirp@0.3.3"
        },
        "ms": {
          "version": "0.3.0",
          "from": "ms@0.3.0"
        }
      }
    }
  }
}
